// !$*UTF8*$!
{
	archiveVersion = 1;
	classes = {
	};
	objectVersion = 50;
	objects = {

/* Begin PBXBuildFile section */
		7CCE0E2B26F595E10007E324 /* AppDelegate.swift in Sources */ = {isa = PBXBuildFile; fileRef = 7CCE0E2A26F595E10007E324 /* AppDelegate.swift */; };
		7CCE0E2D26F595E10007E324 /* SceneDelegate.swift in Sources */ = {isa = PBXBuildFile; fileRef = 7CCE0E2C26F595E10007E324 /* SceneDelegate.swift */; };
		7CCE0E2F26F595E10007E324 /* ContentView.swift in Sources */ = {isa = PBXBuildFile; fileRef = 7CCE0E2E26F595E10007E324 /* ContentView.swift */; };
		7CCE0E3126F595E40007E324 /* Assets.xcassets in Resources */ = {isa = PBXBuildFile; fileRef = 7CCE0E3026F595E40007E324 /* Assets.xcassets */; };
		7CCE0E3426F595E40007E324 /* Preview Assets.xcassets in Resources */ = {isa = PBXBuildFile; fileRef = 7CCE0E3326F595E40007E324 /* Preview Assets.xcassets */; };
		7CCE0E3726F595E40007E324 /* LaunchScreen.storyboard in Resources */ = {isa = PBXBuildFile; fileRef = 7CCE0E3526F595E40007E324 /* LaunchScreen.storyboard */; };
/* End PBXBuildFile section */

/* Begin PBXFileReference section */
		7CCE0E2726F595E10007E324 /* BRSTimeConvertR.app */ = {isa = PBXFileReference; explicitFileType = wrapper.application; includeInIndex = 0; path = BRSTimeConvertR.app; sourceTree = BUILT_PRODUCTS_DIR; };
		7CCE0E2A26F595E10007E324 /* AppDelegate.swift */ = {isa = PBXFileReference; lastKnownFileType = sourcecode.swift; path = AppDelegate.swift; sourceTree = "<group>"; };
		7CCE0E2C26F595E10007E324 /* SceneDelegate.swift */ = {isa = PBXFileReference; lastKnownFileType = sourcecode.swift; path = SceneDelegate.swift; sourceTree = "<group>"; };
		7CCE0E2E26F595E10007E324 /* ContentView.swift */ = {isa = PBXFileReference; lastKnownFileType = sourcecode.swift; path = ContentView.swift; sourceTree = "<group>"; };
		7CCE0E3026F595E40007E324 /* Assets.xcassets */ = {isa = PBXFileReference; lastKnownFileType = folder.assetcatalog; path = Assets.xcassets; sourceTree = "<group>"; };
		7CCE0E3326F595E40007E324 /* Preview Assets.xcassets */ = {isa = PBXFileReference; lastKnownFileType = folder.assetcatalog; path = "Preview Assets.xcassets"; sourceTree = "<group>"; };
		7CCE0E3626F595E40007E324 /* Base */ = {isa = PBXFileReference; lastKnownFileType = file.storyboard; name = Base; path = Base.lproj/LaunchScreen.storyboard; sourceTree = "<group>"; };
		7CCE0E3826F595E40007E324 /* Info.plist */ = {isa = PBXFileReference; lastKnownFileType = text.plist.xml; path = Info.plist; sourceTree = "<group>"; };
/* End PBXFileReference section */

/* Begin PBXFrameworksBuildPhase section */
		7CCE0E2426F595E10007E324 /* Frameworks */ = {
			isa = PBXFrameworksBuildPhase;
			buildActionMask = 2147483647;
			files = (
			);
			runOnlyForDeploymentPostprocessing = 0;
		};
/* End PBXFrameworksBuildPhase section */

/* Begin PBXGroup section */
		7CCE0E1E26F595E00007E324 = {
			isa = PBXGroup;
			children = (
				7CCE0E2926F595E10007E324 /* BRSTimeConvertR */,
				7CCE0E2826F595E10007E324 /* Products */,
			);
			sourceTree = "<group>";
		};
		7CCE0E2826F595E10007E324 /* Products */ = {
			isa = PBXGroup;
			children = (
				7CCE0E2726F595E10007E324 /* BRSTimeConvertR.app */,
			);
			name = Products;
			sourceTree = "<group>";
		};
		7CCE0E2926F595E10007E324 /* BRSTimeConvertR */ = {
			isa = PBXGroup;
			children = (
				7CCE0E2A26F595E10007E324 /* AppDelegate.swift */,
				7CCE0E2C26F595E10007E324 /* SceneDelegate.swift */,
				7CCE0E2E26F595E10007E324 /* ContentView.swift */,
				7CCE0E3026F595E40007E324 /* Assets.xcassets */,
				7CCE0E3526F595E40007E324 /* LaunchScreen.storyboard */,
				7CCE0E3826F595E40007E324 /* Info.plist */,
				7CCE0E3226F595E40007E324 /* Preview Content */,
			);
			path = BRSTimeConvertR;
			sourceTree = "<group>";
		};
		7CCE0E3226F595E40007E324 /* Preview Content */ = {
			isa = PBXGroup;
			children = (
				7CCE0E3326F595E40007E324 /* Preview Assets.xcassets */,
			);
			path = "Preview Content";
			sourceTree = "<group>";
		};
/* End PBXGroup section */

/* Begin PBXNativeTarget section */
		7CCE0E2626F595E10007E324 /* BRSTimeConvertR */ = {
			isa = PBXNativeTarget;
			buildConfigurationList = 7CCE0E3B26F595E40007E324 /* Build configuration list for PBXNativeTarget "BRSTimeConvertR" */;
			buildPhases = (
				7CCE0E2326F595E10007E324 /* Sources */,
				7CCE0E2426F595E10007E324 /* Frameworks */,
				7CCE0E2526F595E10007E324 /* Resources */,
			);
			buildRules = (
			);
			dependencies = (
			);
			name = BRSTimeConvertR;
			productName = BRSTimeConvertR;
			productReference = 7CCE0E2726F595E10007E324 /* BRSTimeConvertR.app */;
			productType = "com.apple.product-type.application";
		};
/* End PBXNativeTarget section */

/* Begin PBXProject section */
		7CCE0E1F26F595E00007E324 /* Project object */ = {
			isa = PBXProject;
			attributes = {
				LastSwiftUpdateCheck = 1250;
				LastUpgradeCheck = 1250;
				TargetAttributes = {
					7CCE0E2626F595E10007E324 = {
						CreatedOnToolsVersion = 12.5.1;
					};
				};
			};
			buildConfigurationList = 7CCE0E2226F595E00007E324 /* Build configuration list for PBXProject "BRSTimeConvertR" */;
			compatibilityVersion = "Xcode 9.3";
			developmentRegion = en;
			hasScannedForEncodings = 0;
			knownRegions = (
				en,
				Base,
			);
			mainGroup = 7CCE0E1E26F595E00007E324;
			productRefGroup = 7CCE0E2826F595E10007E324 /* Products */;
			projectDirPath = "";
			projectRoot = "";
			targets = (
				7CCE0E2626F595E10007E324 /* BRSTimeConvertR */,
			);
		};
/* End PBXProject section */

/* Begin PBXResourcesBuildPhase section */
		7CCE0E2526F595E10007E324 /* Resources */ = {
			isa = PBXResourcesBuildPhase;
			buildActionMask = 2147483647;
			files = (
				7CCE0E3726F595E40007E324 /* LaunchScreen.storyboard in Resources */,
				7CCE0E3426F595E40007E324 /* Preview Assets.xcassets in Resources */,
				7CCE0E3126F595E40007E324 /* Assets.xcassets in Resources */,
			);
			runOnlyForDeploymentPostprocessing = 0;
		};
/* End PBXResourcesBuildPhase section */

/* Begin PBXSourcesBuildPhase section */
		7CCE0E2326F595E10007E324 /* Sources */ = {
			isa = PBXSourcesBuildPhase;
			buildActionMask = 2147483647;
			files = (
				7CCE0E2B26F595E10007E324 /* AppDelegate.swift in Sources */,
				7CCE0E2D26F595E10007E324 /* SceneDelegate.swift in Sources */,
				7CCE0E2F26F595E10007E324 /* ContentView.swift in Sources */,
			);
			runOnlyForDeploymentPostprocessing = 0;
		};
/* End PBXSourcesBuildPhase section */

/* Begin PBXVariantGroup section */
		7CCE0E3526F595E40007E324 /* LaunchScreen.storyboard */ = {
			isa = PBXVariantGroup;
			children = (
				7CCE0E3626F595E40007E324 /* Base */,
			);
			name = LaunchScreen.storyboard;
			sourceTree = "<group>";
		};
/* End PBXVariantGroup section */

/* Begin XCBuildConfiguration section */
		7CCE0E3926F595E40007E324 /* Debug */ = {
			isa = XCBuildConfiguration;
			buildSettings = {
				ALWAYS_SEARCH_USER_PATHS = NO;
				CLANG_ANALYZER_NONNULL = YES;
				CLANG_ANALYZER_NUMBER_OBJECT_CONVERSION = YES_AGGRESSIVE;
				CLANG_CXX_LANGUAGE_STANDARD = "gnu++14";
				CLANG_CXX_LIBRARY = "libc++";
				CLANG_ENABLE_MODULES = YES;
				CLANG_ENABLE_OBJC_ARC = YES;
				CLANG_ENABLE_OBJC_WEAK = YES;
				CLANG_WARN_BLOCK_CAPTURE_AUTORELEASING = YES;
				CLANG_WARN_BOOL_CONVERSION = YES;
				CLANG_WARN_COMMA = YES;
				CLANG_WARN_CONSTANT_CONVERSION = YES;
				CLANG_WARN_DEPRECATED_OBJC_IMPLEMENTATIONS = YES;
				CLANG_WARN_DIRECT_OBJC_ISA_USAGE = YES_ERROR;
				CLANG_WARN_DOCUMENTATION_COMMENTS = YES;
				CLANG_WARN_EMPTY_BODY = YES;
				CLANG_WARN_ENUM_CONVERSION = YES;
				CLANG_WARN_INFINITE_RECURSION = YES;
				CLANG_WARN_INT_CONVERSION = YES;
				CLANG_WARN_NON_LITERAL_NULL_CONVERSION = YES;
				CLANG_WARN_OBJC_IMPLICIT_RETAIN_SELF = YES;
				CLANG_WARN_OBJC_LITERAL_CONVERSION = YES;
				CLANG_WARN_OBJC_ROOT_CLASS = YES_ERROR;
				CLANG_WARN_QUOTED_INCLUDE_IN_FRAMEWORK_HEADER = YES;
				CLANG_WARN_RANGE_LOOP_ANALYSIS = YES;
				CLANG_WARN_STRICT_PROTOTYPES = YES;
				CLANG_WARN_SUSPICIOUS_MOVE = YES;
				CLANG_WARN_UNGUARDED_AVAILABILITY = YES_AGGRESSIVE;
				CLANG_WARN_UNREACHABLE_CODE = YES;
				CLANG_WARN__DUPLICATE_METHOD_MATCH = YES;
				COPY_PHASE_STRIP = NO;
				DEBUG_INFORMATION_FORMAT = dwarf;
				ENABLE_STRICT_OBJC_MSGSEND = YES;
				ENABLE_TESTABILITY = YES;
				GCC_C_LANGUAGE_STANDARD = gnu11;
				GCC_DYNAMIC_NO_PIC = NO;
				GCC_NO_COMMON_BLOCKS = YES;
				GCC_OPTIMIZATION_LEVEL = 0;
				GCC_PREPROCESSOR_DEFINITIONS = (
					"DEBUG=1",
					"$(inherited)",
				);
				GCC_WARN_64_TO_32_BIT_CONVERSION = YES;
				GCC_WARN_ABOUT_RETURN_TYPE = YES_ERROR;
				GCC_WARN_UNDECLARED_SELECTOR = YES;
				GCC_WARN_UNINITIALIZED_AUTOS = YES_AGGRESSIVE;
				GCC_WARN_UNUSED_FUNCTION = YES;
				GCC_WARN_UNUSED_VARIABLE = YES;
				IPHONEOS_DEPLOYMENT_TARGET = 14.5;
				MTL_ENABLE_DEBUG_INFO = INCLUDE_SOURCE;
				MTL_FAST_MATH = YES;
				ONLY_ACTIVE_ARCH = YES;
				SDKROOT = iphoneos;
				SWIFT_ACTIVE_COMPILATION_CONDITIONS = DEBUG;
				SWIFT_OPTIMIZATION_LEVEL = "-Onone";
			};
			name = Debug;
		};
		7CCE0E3A26F595E40007E324 /* Release */ = {
			isa = XCBuildConfiguration;
			buildSettings = {
				ALWAYS_SEARCH_USER_PATHS = NO;
				CLANG_ANALYZER_NONNULL = YES;
				CLANG_ANALYZER_NUMBER_OBJECT_CONVERSION = YES_AGGRESSIVE;
				CLANG_CXX_LANGUAGE_STANDARD = "gnu++14";
				CLANG_CXX_LIBRARY = "libc++";
				CLANG_ENABLE_MODULES = YES;
				CLANG_ENABLE_OBJC_ARC = YES;
				CLANG_ENABLE_OBJC_WEAK = YES;
				CLANG_WARN_BLOCK_CAPTURE_AUTORELEASING = YES;
				CLANG_WARN_BOOL_CONVERSION = YES;
				CLANG_WARN_COMMA = YES;
				CLANG_WARN_CONSTANT_CONVERSION = YES;
				CLANG_WARN_DEPRECATED_OBJC_IMPLEMENTATIONS = YES;
				CLANG_WARN_DIRECT_OBJC_ISA_USAGE = YES_ERROR;
				CLANG_WARN_DOCUMENTATION_COMMENTS = YES;
				CLANG_WARN_EMPTY_BODY = YES;
				CLANG_WARN_ENUM_CONVERSION = YES;
				CLANG_WARN_INFINITE_RECURSION = YES;
				CLANG_WARN_INT_CONVERSION = YES;
				CLANG_WARN_NON_LITERAL_NULL_CONVERSION = YES;
				CLANG_WARN_OBJC_IMPLICIT_RETAIN_SELF = YES;
				CLANG_WARN_OBJC_LITERAL_CONVERSION = YES;
				CLANG_WARN_OBJC_ROOT_CLASS = YES_ERROR;
				CLANG_WARN_QUOTED_INCLUDE_IN_FRAMEWORK_HEADER = YES;
				CLANG_WARN_RANGE_LOOP_ANALYSIS = YES;
				CLANG_WARN_STRICT_PROTOTYPES = YES;
				CLANG_WARN_SUSPICIOUS_MOVE = YES;
				CLANG_WARN_UNGUARDED_AVAILABILITY = YES_AGGRESSIVE;
				CLANG_WARN_UNREACHABLE_CODE = YES;
				CLANG_WARN__DUPLICATE_METHOD_MATCH = YES;
				COPY_PHASE_STRIP = NO;
				DEBUG_INFORMATION_FORMAT = "dwarf-with-dsym";
				ENABLE_NS_ASSERTIONS = NO;
				ENABLE_STRICT_OBJC_MSGSEND = YES;
				GCC_C_LANGUAGE_STANDARD = gnu11;
				GCC_NO_COMMON_BLOCKS = YES;
				GCC_WARN_64_TO_32_BIT_CONVERSION = YES;
				GCC_WARN_ABOUT_RETURN_TYPE = YES_ERROR;
				GCC_WARN_UNDECLARED_SELECTOR = YES;
				GCC_WARN_UNINITIALIZED_AUTOS = YES_AGGRESSIVE;
				GCC_WARN_UNUSED_FUNCTION = YES;
				GCC_WARN_UNUSED_VARIABLE = YES;
				IPHONEOS_DEPLOYMENT_TARGET = 14.5;
				MTL_ENABLE_DEBUG_INFO = NO;
				MTL_FAST_MATH = YES;
				SDKROOT = iphoneos;
				SWIFT_COMPILATION_MODE = wholemodule;
				SWIFT_OPTIMIZATION_LEVEL = "-O";
				VALIDATE_PRODUCT = YES;
			};
			name = Release;
		};
		7CCE0E3C26F595E40007E324 /* Debug */ = {
			isa = XCBuildConfiguration;
			buildSettings = {
				ASSETCATALOG_COMPILER_APPICON_NAME = AppIcon;
				ASSETCATALOG_COMPILER_GLOBAL_ACCENT_COLOR_NAME = AccentColor;
				CODE_SIGN_STYLE = Automatic;
				DEVELOPMENT_ASSET_PATHS = "\"BRSTimeConvertR/Preview Content\"";
				DEVELOPMENT_TEAM = 2S8MH4C36K;
				ENABLE_PREVIEWS = YES;
				INFOPLIST_FILE = BRSTimeConvertR/Info.plist;
				LD_RUNPATH_SEARCH_PATHS = (
					"$(inherited)",
					"@executable_path/Frameworks",
				);
				PRODUCT_BUNDLE_IDENTIFIER = B.BRSTimeConvertR;
				PRODUCT_NAME = "$(TARGET_NAME)";
				SWIFT_VERSION = 5.0;
				TARGETED_DEVICE_FAMILY = "1,2";
			};
			name = Debug;
		};
		7CCE0E3D26F595E40007E324 /* Release */ = {
			isa = XCBuildConfiguration;
			buildSettings = {
				ASSETCATALOG_COMPILER_APPICON_NAME = AppIcon;
				ASSETCATALOG_COMPILER_GLOBAL_ACCENT_COLOR_NAME = AccentColor;
				CODE_SIGN_STYLE = Automatic;
				DEVELOPMENT_ASSET_PATHS = "\"BRSTimeConvertR/Preview Content\"";
				DEVELOPMENT_TEAM = 2S8MH4C36K;
				ENABLE_PREVIEWS = YES;
				INFOPLIST_FILE = BRSTimeConvertR/Info.plist;
				LD_RUNPATH_SEARCH_PATHS = (
					"$(inherited)",
					"@executable_path/Frameworks",
				);
				PRODUCT_BUNDLE_IDENTIFIER = B.BRSTimeConvertR;
				PRODUCT_NAME = "$(TARGET_NAME)";
				SWIFT_VERSION = 5.0;
				TARGETED_DEVICE_FAMILY = "1,2";
			};
			name = Release;
		};
/* End XCBuildConfiguration section */

/* Begin XCConfigurationList section */
		7CCE0E2226F595E00007E324 /* Build configuration list for PBXProject "BRSTimeConvertR" */ = {
			isa = XCConfigurationList;
			buildConfigurations = (
				7CCE0E3926F595E40007E324 /* Debug */,
				7CCE0E3A26F595E40007E324 /* Release */,
			);
			defaultConfigurationIsVisible = 0;
			defaultConfigurationName = Release;
		};
		7CCE0E3B26F595E40007E324 /* Build configuration list for PBXNativeTarget "BRSTimeConvertR" */ = {
			isa = XCConfigurationList;
			buildConfigurations = (
				7CCE0E3C26F595E40007E324 /* Debug */,
				7CCE0E3D26F595E40007E324 /* Release */,
			);
			defaultConfigurationIsVisible = 0;
			defaultConfigurationName = Release;
		};
/* End XCConfigurationList section */
	};
	rootObject = 7CCE0E1F26F595E00007E324 /* Project object */;
}
